
Microsoft Visual Studio Solution File, Format Version 12.00
# Visual Studio 15
VisualStudioVersion = 15.0.27004.2008
MinimumVisualStudioVersion = 10.0.40219.1
Project("{FAE04EC0-301F-11D3-BF4B-00C04F79EFBC}") = "CrazyHip", "CrazyHip\CrazyHip.csproj", "{979FAAB6-76B5-4FCF-89FB-70D311F2FBED}"
EndProject
Project("{FAE04EC0-301F-11D3-BF4B-00C04F79EFBC}") = "CrazyHipTest", "CrazyHipTest\CrazyHipTest.csproj", "{58F390FA-CD3A-4E13-A063-6A8DDD729A55}"
EndProject
Global
	GlobalSection(SolutionConfigurationPlatforms) = preSolution
		Debug|Any CPU = Debug|Any CPU
		Release|Any CPU = Release|Any CPU
	EndGlobalSection
	GlobalSection(ProjectConfigurationPlatforms) = postSolution
		{979FAAB6-76B5-4FCF-89FB-70D311F2FBED}.Debug|Any CPU.ActiveCfg = Debug|Any CPU
		{979FAAB6-76B5-4FCF-89FB-70D311F2FBED}.Debug|Any CPU.Build.0 = Debug|Any CPU
		{979FAAB6-76B5-4FCF-89FB-70D311F2FBED}.Release|Any CPU.ActiveCfg = Release|Any CPU
		{979FAAB6-76B5-4FCF-89FB-70D311F2FBED}.Release|Any CPU.Build.0 = Release|Any CPU
		{58F390FA-CD3A-4E13-A063-6A8DDD729A55}.Debug|Any CPU.ActiveCfg = Debug|Any CPU
		{58F390FA-CD3A-4E13-A063-6A8DDD729A55}.Debug|Any CPU.Build.0 = Debug|Any CPU
		{58F390FA-CD3A-4E13-A063-6A8DDD729A55}.Release|Any CPU.ActiveCfg = Release|Any CPU
		{58F390FA-CD3A-4E13-A063-6A8DDD729A55}.Release|Any CPU.Build.0 = Release|Any CPU
	EndGlobalSection
	GlobalSection(SolutionProperties) = preSolution
		HideSolutionNode = FALSE
	EndGlobalSection
	GlobalSection(ExtensibilityGlobals) = postSolution
		SolutionGuid = {9F0EC424-5AF4-4D26-898C-A98A40EB5D3A}
	EndGlobalSection
EndGlobal
